PODS:
  - AFNetworking (2.5.3):
    - AFNetworking/NSURLConnection (= 2.5.3)
    - AFNetworking/NSURLSession (= 2.5.3)
    - AFNetworking/Reachability (= 2.5.3)
    - AFNetworking/Security (= 2.5.3)
    - AFNetworking/Serialization (= 2.5.3)
    - AFNetworking/UIKit (= 2.5.3)
  - AFNetworking-RACExtensions (0.1.6):
    - AFNetworking (~> 2.0)
    - ReactiveCocoa (~> 2.0)
  - AFNetworking/NSURLConnection (2.5.3):
    - AFNetworking/Reachability
    - AFNetworking/Security
    - AFNetworking/Serialization
  - AFNetworking/NSURLSession (2.5.3):
    - AFNetworking/Reachability
    - AFNetworking/Security
    - AFNetworking/Serialization
  - AFNetworking/Reachability (2.5.3)
  - AFNetworking/Security (2.5.3)
  - AFNetworking/Serialization (2.5.3)
  - AFNetworking/UIKit (2.5.3):
    - AFNetworking/NSURLConnection
    - AFNetworking/NSURLSession
  - BlocksKit (2.2.5):
    - BlocksKit/All (= 2.2.5)
  - BlocksKit/All (2.2.5):
    - BlocksKit/Core
    - BlocksKit/DynamicDelegate
    - BlocksKit/MessageUI
    - BlocksKit/UIKit
  - BlocksKit/Core (2.2.5)
  - BlocksKit/DynamicDelegate (2.2.5)
  - BlocksKit/MessageUI (2.2.5):
    - BlocksKit/Core
    - BlocksKit/DynamicDelegate
  - BlocksKit/UIKit (2.2.5):
    - BlocksKit/Core
    - BlocksKit/DynamicDelegate
  - DateTools (1.5.0)
  - FMDB (2.5):
    - FMDB/standard (= 2.5)
  - FMDB/common (2.5)
  - FMDB/standard (2.5):
    - FMDB/common
  - Mantle (1.5.4):
    - Mantle/extobjc (= 1.5.4)
  - Mantle/extobjc (1.5.4)
  - Masonry (0.6.1)
  - MBProgressHUD (0.9.1)
  - NJKWebViewProgress (0.2.3):
    - NJKWebViewProgress/Core (= 0.2.3)
    - NJKWebViewProgress/ProgressView (= 0.2.3)
  - NJKWebViewProgress/Core (0.2.3)
  - NJKWebViewProgress/ProgressView (0.2.3)
  - PKRevealController (2.0.6)
  - ReactiveCocoa (2.5):
    - ReactiveCocoa/UI (= 2.5)
  - ReactiveCocoa/Core (2.5):
    - ReactiveCocoa/no-arc
  - ReactiveCocoa/no-arc (2.5)
  - ReactiveCocoa/UI (2.5):
    - ReactiveCocoa/Core
  - RJBlurAlertView (0.0.2)
  - Shimmer (1.0.2)
  - SVWebViewController (1.0)

DEPENDENCIES:
  - AFNetworking
  - AFNetworking-RACExtensions
  - BlocksKit
  - DateTools
  - FMDB
  - Mantle (~> 1.5.4)
  - Masonry
  - MBProgressHUD
  - NJKWebViewProgress
  - PKRevealController
  - ReactiveCocoa
  - RJBlurAlertView
  - Shimmer
  - SVWebViewController

SPEC CHECKSUMS:
  AFNetworking: e1d86c2a96bb5d2e7408da36149806706ee122fe
  AFNetworking-RACExtensions: 501ab1564f5be65e01fe3017cda7bba25764c20d
  BlocksKit: 7f422b971407001178d181a43b99014ea2591fe6
  DateTools: b93a2c2017747329c6077c7d7e8a75106e23d0d7
  FMDB: 96e8f1bcc1329e269330f99770ad4285d9003e52
  Mantle: 60acd0cd363e27d945bda0a6b8e90577112d28f3
  Masonry: 4972309f2f134de9dd312f4dc4a21359b50e6caa
  MBProgressHUD: c47f2c166c126cf2ce36498d80f33e754d4e93ad
  NJKWebViewProgress: f481fd424cb5ecc27eacae11b5397db92fba9a4d
  PKRevealController: ffb45a16f5a5032ad90a3d16e5cbb0d8e035bd58
  ReactiveCocoa: e2db045570aa97c695e7aa97c2bcab222ae51f4a
  RJBlurAlertView: 71403840618e30a5a37560148dc55f3d190cb383
  Shimmer: c5374be1c2b0c9e292fb05b339a513cf291cac86
  SVWebViewController: c36dda7326e81fcae0abf5d02bf7bbf7e41be901

COCOAPODS: 0.35.0
